<?xml version="1.0" encoding="utf-8"?>
<Project ToolsVersion="4.0" xmlns="http://schemas.microsoft.com/developer/msbuild/2003">
  <ItemGroup>
    <Filter Include="source">
      <UniqueIdentifier>{4FC737F1-C7A5-4376-A066-2A32D752A2FF}</UniqueIdentifier>
      <Extensions>cpp;c;cc;cxx;def;odl;idl;hpj;bat;asm;asmx</Extensions>
    </Filter>
    <Filter Include="header">
      <UniqueIdentifier>{93995380-89BD-4b04-88EB-625FBE52EBFB}</UniqueIdentifier>
      <Extensions>h;hh;hpp;hxx;hm;inl;inc;ipp;xsd</Extensions>
    </Filter>
    <Filter Include="resource">
      <UniqueIdentifier>{67DA6AB6-F800-4c08-8B7A-83BB121AAD01}</UniqueIdentifier>
      <Extensions>rc;ico;cur;bmp;dlg;rc2;rct;bin;rgs;gif;jpg;jpeg;jpe;resx;tiff;tif;png;wav;mfcribbon-ms</Extensions>
    </Filter>
  </ItemGroup>
  <ItemGroup>
    <ClCompile Include="main.cpp">
      <Filter>source</Filter>
    </ClCompile>
    <ClCompile Include="WindowManager.cpp">
      <Filter>source</Filter>
    </ClCompile>
    <ClCompile Include="VulkanFunction.cpp">
      <Filter>source</Filter>
    </ClCompile>
    <ClCompile Include="Device.cpp">
      <Filter>source</Filter>
    </ClCompile>
    <ClCompile Include="Queue.cpp">
      <Filter>source</Filter>
    </ClCompile>
    <ClCompile Include="CommandPool.cpp">
      <Filter>source</Filter>
    </ClCompile>
    <ClCompile Include="CommandBuffer.cpp">
      <Filter>source</Filter>
    </ClCompile>
    <ClCompile Include="Renderer.cpp">
      <Filter>source</Filter>
    </ClCompile>
    <ClCompile Include="InstanceFactory.cpp">
      <Filter>source</Filter>
    </ClCompile>
    <ClCompile Include="SurfaceFactory.cpp">
      <Filter>source</Filter>
    </ClCompile>
    <ClCompile Include="SwapchainFactory.cpp">
      <Filter>source</Filter>
    </ClCompile>
    <ClCompile Include="ImageFactory.cpp">
      <Filter>source</Filter>
    </ClCompile>
  </ItemGroup>
  <ItemGroup>
    <ClInclude Include="WindowManager.h">
      <Filter>header</Filter>
    </ClInclude>
    <ClInclude Include="VulkanFunction.h">
      <Filter>header</Filter>
    </ClInclude>
    <ClInclude Include="Device.h">
      <Filter>header</Filter>
    </ClInclude>
    <ClInclude Include="CommandPool.h">
      <Filter>header</Filter>
    </ClInclude>
    <ClInclude Include="CommandBuffer.h">
      <Filter>header</Filter>
    </ClInclude>
    <ClInclude Include="Renderer.h">
      <Filter>header</Filter>
    </ClInclude>
    <ClInclude Include="InstanceObject.h">
      <Filter>header</Filter>
    </ClInclude>
    <ClInclude Include="InstanceFactory.h">
      <Filter>header</Filter>
    </ClInclude>
    <ClInclude Include="PhysicalDeviceObject.h">
      <Filter>header</Filter>
    </ClInclude>
    <ClInclude Include="SurfaceObject.h">
      <Filter>header</Filter>
    </ClInclude>
    <ClInclude Include="SurfaceFactory.h">
      <Filter>header</Filter>
    </ClInclude>
    <ClInclude Include="SwapchainObject.h">
      <Filter>header</Filter>
    </ClInclude>
    <ClInclude Include="SwapchainFactory.h">
      <Filter>header</Filter>
    </ClInclude>
    <ClInclude Include="ImageFactory.h">
      <Filter>header</Filter>
    </ClInclude>
    <ClInclude Include="ImageViewObject.h">
      <Filter>header</Filter>
    </ClInclude>
    <ClInclude Include="ImageViewFactory.h">
      <Filter>header</Filter>
    </ClInclude>
    <ClInclude Include="DeviceMemoryObject.h">
      <Filter>header</Filter>
    </ClInclude>
    <ClInclude Include="DeviceMemoryFactory.h">
      <Filter>header</Filter>
    </ClInclude>
    <ClInclude Include="BufferObject.h">
      <Filter>header</Filter>
    </ClInclude>
    <ClInclude Include="BufferFactory.h">
      <Filter>header</Filter>
    </ClInclude>
    <ClInclude Include="FenceObject.h">
      <Filter>header</Filter>
    </ClInclude>
    <ClInclude Include="FenceFactory.h">
      <Filter>header</Filter>
    </ClInclude>
    <ClInclude Include="ImageObject.h">
      <Filter>header</Filter>
    </ClInclude>
    <ClInclude Include="SemaphoreObject.h">
      <Filter>header</Filter>
    </ClInclude>
    <ClInclude Include="SemaphoreFactory.h">
      <Filter>header</Filter>
    </ClInclude>
    <ClInclude Include="QueueObject.h">
      <Filter>header</Filter>
    </ClInclude>
  </ItemGroup>
</Project>