<?xml version="1.0" encoding="utf-8"?>
<Project ToolsVersion="4.0" xmlns="http://schemas.microsoft.com/developer/msbuild/2003">
  <ItemGroup>
    <Filter Include="source">
      <UniqueIdentifier>{4FC737F1-C7A5-4376-A066-2A32D752A2FF}</UniqueIdentifier>
      <Extensions>cpp;c;cc;cxx;def;odl;idl;hpj;bat;asm;asmx</Extensions>
    </Filter>
    <Filter Include="header">
      <UniqueIdentifier>{93995380-89BD-4b04-88EB-625FBE52EBFB}</UniqueIdentifier>
      <Extensions>h;hh;hpp;hxx;hm;inl;inc;ipp;xsd</Extensions>
    </Filter>
    <Filter Include="resource">
      <UniqueIdentifier>{67DA6AB6-F800-4c08-8B7A-83BB121AAD01}</UniqueIdentifier>
      <Extensions>rc;ico;cur;bmp;dlg;rc2;rct;bin;rgs;gif;jpg;jpeg;jpe;resx;tiff;tif;png;wav;mfcribbon-ms</Extensions>
    </Filter>
    <Filter Include="header\wrap">
      <UniqueIdentifier>{e45d8c84-49b2-4657-8c68-8d9f5213162b}</UniqueIdentifier>
    </Filter>
    <Filter Include="source\wrap">
      <UniqueIdentifier>{9ace0734-6fd6-4eba-960c-28e2a7d67676}</UniqueIdentifier>
    </Filter>
  </ItemGroup>
  <ItemGroup>
    <ClCompile Include="main.cpp">
      <Filter>source</Filter>
    </ClCompile>
    <ClCompile Include="WindowManager.cpp">
      <Filter>source</Filter>
    </ClCompile>
    <ClCompile Include="VulkanFunction.cpp">
      <Filter>source</Filter>
    </ClCompile>
    <ClCompile Include="Renderer.cpp">
      <Filter>source</Filter>
    </ClCompile>
    <ClCompile Include="InstanceFactory.cpp">
      <Filter>source\wrap</Filter>
    </ClCompile>
    <ClCompile Include="SurfaceFactory.cpp">
      <Filter>source\wrap</Filter>
    </ClCompile>
    <ClCompile Include="DeviceFactory.cpp">
      <Filter>source\wrap</Filter>
    </ClCompile>
    <ClCompile Include="FenceObject.cpp">
      <Filter>source\wrap</Filter>
    </ClCompile>
  </ItemGroup>
  <ItemGroup>
    <ClInclude Include="WindowManager.h">
      <Filter>header</Filter>
    </ClInclude>
    <ClInclude Include="VulkanFunction.h">
      <Filter>header</Filter>
    </ClInclude>
    <ClInclude Include="Renderer.h">
      <Filter>header</Filter>
    </ClInclude>
    <ClInclude Include="AbstractFactory.h">
      <Filter>header\wrap</Filter>
    </ClInclude>
    <ClInclude Include="BufferFactory.h">
      <Filter>header\wrap</Filter>
    </ClInclude>
    <ClInclude Include="BufferObject.h">
      <Filter>header\wrap</Filter>
    </ClInclude>
    <ClInclude Include="CommandBufferObject.h">
      <Filter>header\wrap</Filter>
    </ClInclude>
    <ClInclude Include="CommandPoolFactory.h">
      <Filter>header\wrap</Filter>
    </ClInclude>
    <ClInclude Include="CommandPoolObject.h">
      <Filter>header\wrap</Filter>
    </ClInclude>
    <ClInclude Include="DescriptorPoolFactory.h">
      <Filter>header\wrap</Filter>
    </ClInclude>
    <ClInclude Include="DescriptorPoolObject.h">
      <Filter>header\wrap</Filter>
    </ClInclude>
    <ClInclude Include="DescriptorSetLayoutFactory.h">
      <Filter>header\wrap</Filter>
    </ClInclude>
    <ClInclude Include="DescriptorSetLayoutObject.h">
      <Filter>header\wrap</Filter>
    </ClInclude>
    <ClInclude Include="DeviceMemoryFactory.h">
      <Filter>header\wrap</Filter>
    </ClInclude>
    <ClInclude Include="DeviceMemoryObject.h">
      <Filter>header\wrap</Filter>
    </ClInclude>
    <ClInclude Include="FenceFactory.h">
      <Filter>header\wrap</Filter>
    </ClInclude>
    <ClInclude Include="FenceObject.h">
      <Filter>header\wrap</Filter>
    </ClInclude>
    <ClInclude Include="FramebufferFactory.h">
      <Filter>header\wrap</Filter>
    </ClInclude>
    <ClInclude Include="FramebufferObject.h">
      <Filter>header\wrap</Filter>
    </ClInclude>
    <ClInclude Include="ImageFactory.h">
      <Filter>header\wrap</Filter>
    </ClInclude>
    <ClInclude Include="ImageObject.h">
      <Filter>header\wrap</Filter>
    </ClInclude>
    <ClInclude Include="ImageViewFactory.h">
      <Filter>header\wrap</Filter>
    </ClInclude>
    <ClInclude Include="ImageViewObject.h">
      <Filter>header\wrap</Filter>
    </ClInclude>
    <ClInclude Include="InstanceFactory.h">
      <Filter>header\wrap</Filter>
    </ClInclude>
    <ClInclude Include="InstanceObject.h">
      <Filter>header\wrap</Filter>
    </ClInclude>
    <ClInclude Include="PhysicalDeviceObject.h">
      <Filter>header\wrap</Filter>
    </ClInclude>
    <ClInclude Include="QueueObject.h">
      <Filter>header\wrap</Filter>
    </ClInclude>
    <ClInclude Include="RenderPassFactory.h">
      <Filter>header\wrap</Filter>
    </ClInclude>
    <ClInclude Include="RenderPassObject.h">
      <Filter>header\wrap</Filter>
    </ClInclude>
    <ClInclude Include="SemaphoreFactory.h">
      <Filter>header\wrap</Filter>
    </ClInclude>
    <ClInclude Include="SemaphoreObject.h">
      <Filter>header\wrap</Filter>
    </ClInclude>
    <ClInclude Include="ShaderModuleFactory.h">
      <Filter>header\wrap</Filter>
    </ClInclude>
    <ClInclude Include="ShaderModuleObject.h">
      <Filter>header\wrap</Filter>
    </ClInclude>
    <ClInclude Include="SurfaceFactory.h">
      <Filter>header\wrap</Filter>
    </ClInclude>
    <ClInclude Include="SurfaceObject.h">
      <Filter>header\wrap</Filter>
    </ClInclude>
    <ClInclude Include="SwapchainFactory.h">
      <Filter>header\wrap</Filter>
    </ClInclude>
    <ClInclude Include="SwapchainObject.h">
      <Filter>header\wrap</Filter>
    </ClInclude>
    <ClInclude Include="PipelineLayoutFactory.h">
      <Filter>header\wrap</Filter>
    </ClInclude>
    <ClInclude Include="PipelineLayoutObject.h">
      <Filter>header\wrap</Filter>
    </ClInclude>
    <ClInclude Include="DescriptorSetObject.h">
      <Filter>header\wrap</Filter>
    </ClInclude>
    <ClInclude Include="PipelineFactory.h">
      <Filter>header\wrap</Filter>
    </ClInclude>
    <ClInclude Include="PipelineObject.h">
      <Filter>header\wrap</Filter>
    </ClInclude>
    <ClInclude Include="DeviceFactory.h">
      <Filter>header\wrap</Filter>
    </ClInclude>
    <ClInclude Include="DeviceObject.h">
      <Filter>header\wrap</Filter>
    </ClInclude>
    <ClInclude Include="AbstractDepot.h">
      <Filter>header</Filter>
    </ClInclude>
    <ClInclude Include="Transporter.h">
      <Filter>header</Filter>
    </ClInclude>
    <ClInclude Include="Mesh.h">
      <Filter>header</Filter>
    </ClInclude>
    <ClInclude Include="PipelineVertexInputStateDepot.h">
      <Filter>header</Filter>
    </ClInclude>
    <ClInclude Include="RenderPassDeport.h">
      <Filter>header</Filter>
    </ClInclude>
    <ClInclude Include="DescriptorSetLayoutDepot.h">
      <Filter>header</Filter>
    </ClInclude>
  </ItemGroup>
</Project>